
Microsoft Visual Studio Solution File, Format Version 12.00
# Visual Studio 15
VisualStudioVersion = 15.0.27004.2008
MinimumVisualStudioVersion = 10.0.40219.1
Project("{2150E333-8FDC-42A3-9474-1A3956D46DE8}") = "Data", "Data", "{C57AF2EA-5F20-4B2C-A7CE-44AA077EB85D}"
EndProject
Project("{2150E333-8FDC-42A3-9474-1A3956D46DE8}") = "Tests", "Tests", "{D302725B-203E-4A07-AF3B-52162EB49747}"
EndProject
Project("{2150E333-8FDC-42A3-9474-1A3956D46DE8}") = "SQL", "SQL", "{7DFCA384-5BB4-4AA4-8655-DBE4D63998DE}"
EndProject
Project("{2150E333-8FDC-42A3-9474-1A3956D46DE8}") = "NoSQL", "NoSQL", "{C1495309-5116-469D-951F-0FBF4D5EEEE0}"
EndProject
Project("{2150E333-8FDC-42A3-9474-1A3956D46DE8}") = "SQLInMemory", "SQLInMemory", "{22CB8CA0-04E5-4919-9355-DF925724BCB4}"
EndProject
Project("{2150E333-8FDC-42A3-9474-1A3956D46DE8}") = "MSSQL", "MSSQL", "{907ECC5A-7D7A-4D03-9FE2-29479034E1C1}"
EndProject
Project("{2150E333-8FDC-42A3-9474-1A3956D46DE8}") = "SQLite", "SQLite", "{66D470D9-F0C9-46A6-BD55-B9A7785CE093}"
EndProject
Project("{2150E333-8FDC-42A3-9474-1A3956D46DE8}") = "MongoDB", "MongoDB", "{D66B7317-FEA1-48C1-904B-A211FF931CEF}"
EndProject
Project("{2150E333-8FDC-42A3-9474-1A3956D46DE8}") = "ApacheIgnite", "ApacheIgnite", "{4C0C6780-ED0E-47EA-87B5-1DF64150708B}"
EndProject
Project("{2150E333-8FDC-42A3-9474-1A3956D46DE8}") = "Common", "Common", "{57CD43B5-222E-418E-8993-EBF74A5FCA88}"
EndProject
Project("{FAE04EC0-301F-11D3-BF4B-00C04F79EFBC}") = "Data.Models", "Data.Models\Data.Models.csproj", "{5A96DFF9-C252-45CD-8974-6673F06BE3BB}"
EndProject
Project("{FAE04EC0-301F-11D3-BF4B-00C04F79EFBC}") = "Data.Common.Contracts", "Data.Common.Contracts\Data.Common.Contracts.csproj", "{BD351398-D490-4218-82CD-7EF106224F25}"
EndProject
Project("{FAE04EC0-301F-11D3-BF4B-00C04F79EFBC}") = "Test.Data", "Test.Data\Test.Data.csproj", "{5520B919-9B36-4348-9382-63A3CD7FCDF6}"
EndProject
Global
	GlobalSection(SolutionConfigurationPlatforms) = preSolution
		Debug|Any CPU = Debug|Any CPU
		Release|Any CPU = Release|Any CPU
	EndGlobalSection
	GlobalSection(ProjectConfigurationPlatforms) = postSolution
		{5A96DFF9-C252-45CD-8974-6673F06BE3BB}.Debug|Any CPU.ActiveCfg = Debug|Any CPU
		{5A96DFF9-C252-45CD-8974-6673F06BE3BB}.Debug|Any CPU.Build.0 = Debug|Any CPU
		{5A96DFF9-C252-45CD-8974-6673F06BE3BB}.Release|Any CPU.ActiveCfg = Release|Any CPU
		{5A96DFF9-C252-45CD-8974-6673F06BE3BB}.Release|Any CPU.Build.0 = Release|Any CPU
		{BD351398-D490-4218-82CD-7EF106224F25}.Debug|Any CPU.ActiveCfg = Debug|Any CPU
		{BD351398-D490-4218-82CD-7EF106224F25}.Debug|Any CPU.Build.0 = Debug|Any CPU
		{BD351398-D490-4218-82CD-7EF106224F25}.Release|Any CPU.ActiveCfg = Release|Any CPU
		{BD351398-D490-4218-82CD-7EF106224F25}.Release|Any CPU.Build.0 = Release|Any CPU
		{5520B919-9B36-4348-9382-63A3CD7FCDF6}.Debug|Any CPU.ActiveCfg = Debug|Any CPU
		{5520B919-9B36-4348-9382-63A3CD7FCDF6}.Debug|Any CPU.Build.0 = Debug|Any CPU
		{5520B919-9B36-4348-9382-63A3CD7FCDF6}.Release|Any CPU.ActiveCfg = Release|Any CPU
		{5520B919-9B36-4348-9382-63A3CD7FCDF6}.Release|Any CPU.Build.0 = Release|Any CPU
	EndGlobalSection
	GlobalSection(SolutionProperties) = preSolution
		HideSolutionNode = FALSE
	EndGlobalSection
	GlobalSection(NestedProjects) = preSolution
		{7DFCA384-5BB4-4AA4-8655-DBE4D63998DE} = {C57AF2EA-5F20-4B2C-A7CE-44AA077EB85D}
		{C1495309-5116-469D-951F-0FBF4D5EEEE0} = {C57AF2EA-5F20-4B2C-A7CE-44AA077EB85D}
		{22CB8CA0-04E5-4919-9355-DF925724BCB4} = {C57AF2EA-5F20-4B2C-A7CE-44AA077EB85D}
		{907ECC5A-7D7A-4D03-9FE2-29479034E1C1} = {7DFCA384-5BB4-4AA4-8655-DBE4D63998DE}
		{66D470D9-F0C9-46A6-BD55-B9A7785CE093} = {7DFCA384-5BB4-4AA4-8655-DBE4D63998DE}
		{D66B7317-FEA1-48C1-904B-A211FF931CEF} = {C1495309-5116-469D-951F-0FBF4D5EEEE0}
		{4C0C6780-ED0E-47EA-87B5-1DF64150708B} = {22CB8CA0-04E5-4919-9355-DF925724BCB4}
		{57CD43B5-222E-418E-8993-EBF74A5FCA88} = {C57AF2EA-5F20-4B2C-A7CE-44AA077EB85D}
		{5A96DFF9-C252-45CD-8974-6673F06BE3BB} = {C57AF2EA-5F20-4B2C-A7CE-44AA077EB85D}
		{BD351398-D490-4218-82CD-7EF106224F25} = {57CD43B5-222E-418E-8993-EBF74A5FCA88}
		{5520B919-9B36-4348-9382-63A3CD7FCDF6} = {D302725B-203E-4A07-AF3B-52162EB49747}
	EndGlobalSection
	GlobalSection(ExtensibilityGlobals) = postSolution
		SolutionGuid = {ECAABE89-9818-4A51-A2E2-3A07262D6D7E}
	EndGlobalSection
EndGlobal
