
Microsoft Visual Studio Solution File, Format Version 12.00
# Visual Studio 15
VisualStudioVersion = 15.0.27004.2008
MinimumVisualStudioVersion = 10.0.40219.1
Project("{2150E333-8FDC-42A3-9474-1A3956D46DE8}") = "Data", "Data", "{C57AF2EA-5F20-4B2C-A7CE-44AA077EB85D}"
EndProject
Project("{2150E333-8FDC-42A3-9474-1A3956D46DE8}") = "Tests", "Tests", "{D302725B-203E-4A07-AF3B-52162EB49747}"
EndProject
Project("{2150E333-8FDC-42A3-9474-1A3956D46DE8}") = "SQL", "SQL", "{7DFCA384-5BB4-4AA4-8655-DBE4D63998DE}"
EndProject
Project("{2150E333-8FDC-42A3-9474-1A3956D46DE8}") = "NoSQL", "NoSQL", "{C1495309-5116-469D-951F-0FBF4D5EEEE0}"
EndProject
Project("{2150E333-8FDC-42A3-9474-1A3956D46DE8}") = "SQLInMemory", "SQLInMemory", "{22CB8CA0-04E5-4919-9355-DF925724BCB4}"
EndProject
Project("{2150E333-8FDC-42A3-9474-1A3956D46DE8}") = "MongoDB", "MongoDB", "{D66B7317-FEA1-48C1-904B-A211FF931CEF}"
EndProject
Project("{2150E333-8FDC-42A3-9474-1A3956D46DE8}") = "ApacheIgnite", "ApacheIgnite", "{4C0C6780-ED0E-47EA-87B5-1DF64150708B}"
EndProject
Project("{2150E333-8FDC-42A3-9474-1A3956D46DE8}") = "Common", "Common", "{57CD43B5-222E-418E-8993-EBF74A5FCA88}"
EndProject
Project("{FAE04EC0-301F-11D3-BF4B-00C04F79EFBC}") = "Data.Models", "Data.Models\Data.Models.csproj", "{5A96DFF9-C252-45CD-8974-6673F06BE3BB}"
EndProject
Project("{FAE04EC0-301F-11D3-BF4B-00C04F79EFBC}") = "Data.Common.Contracts", "Data.Common.Contracts\Data.Common.Contracts.csproj", "{BD351398-D490-4218-82CD-7EF106224F25}"
EndProject
Project("{FAE04EC0-301F-11D3-BF4B-00C04F79EFBC}") = "Data.Common.Implementation", "Data.Common.Implementation\Data.Common.Implementation.csproj", "{6DEC15C0-F6BF-40C1-9E7C-7546163E48E0}"
EndProject
Project("{FAE04EC0-301F-11D3-BF4B-00C04F79EFBC}") = "Data.Common.IoCModules", "Data.Common.IoCModules\Data.Common.IoCModules.csproj", "{2FEE01E0-D2C1-440E-93F7-DB515BC6E9CE}"
EndProject
Project("{FAE04EC0-301F-11D3-BF4B-00C04F79EFBC}") = "Test.Data", "Test.Data\Test.Data.csproj", "{C93DE2C1-D742-4175-AD15-DBEEDD79272D}"
EndProject
Project("{2150E333-8FDC-42A3-9474-1A3956D46DE8}") = "EF", "EF", "{D806AF9F-34B5-4126-B209-DC222E2B89AB}"
EndProject
Project("{2150E333-8FDC-42A3-9474-1A3956D46DE8}") = "Dapper", "Dapper", "{55F33067-E96B-4F4C-8DA9-22BEA32EF721}"
EndProject
Project("{2150E333-8FDC-42A3-9474-1A3956D46DE8}") = "Common", "Common", "{670FFAC7-AE5D-432D-AB4E-C11623B57754}"
EndProject
Project("{FAE04EC0-301F-11D3-BF4B-00C04F79EFBC}") = "Data.SQL.Common.Contracts", "Data.SQL.Common.Contracts\Data.SQL.Common.Contracts.csproj", "{807528F7-271F-497E-8964-7E58CE150778}"
EndProject
Project("{FAE04EC0-301F-11D3-BF4B-00C04F79EFBC}") = "Data.SQL.Common.Implementation", "Data.SQL.Common.Implementation\Data.SQL.Common.Implementation.csproj", "{11A1223D-CD45-4647-86A0-932AFD29696F}"
EndProject
Project("{FAE04EC0-301F-11D3-BF4B-00C04F79EFBC}") = "Data.SQL.Common.IoCModule", "Data.SQL.Common.IoCModule\Data.SQL.Common.IoCModule.csproj", "{09F95E02-AB68-4DF3-B7D7-FF5B4D6A51B2}"
EndProject
Project("{FAE04EC0-301F-11D3-BF4B-00C04F79EFBC}") = "Data.SQL.EF.Implementation", "Data.SQL.EF.Implementation\Data.SQL.EF.Implementation.csproj", "{ADF39AF3-652D-4552-BA79-A0D3C545D5D9}"
EndProject
Project("{FAE04EC0-301F-11D3-BF4B-00C04F79EFBC}") = "Data.SQL.EF.IoCModules", "Data.SQL.EF.IoCModules\Data.SQL.EF.IoCModules.csproj", "{660F076A-97A9-47A3-B078-9CC8C6E7BE76}"
EndProject
Global
	GlobalSection(SolutionConfigurationPlatforms) = preSolution
		Debug|Any CPU = Debug|Any CPU
		Release|Any CPU = Release|Any CPU
	EndGlobalSection
	GlobalSection(ProjectConfigurationPlatforms) = postSolution
		{5A96DFF9-C252-45CD-8974-6673F06BE3BB}.Debug|Any CPU.ActiveCfg = Debug|Any CPU
		{5A96DFF9-C252-45CD-8974-6673F06BE3BB}.Debug|Any CPU.Build.0 = Debug|Any CPU
		{5A96DFF9-C252-45CD-8974-6673F06BE3BB}.Release|Any CPU.ActiveCfg = Release|Any CPU
		{5A96DFF9-C252-45CD-8974-6673F06BE3BB}.Release|Any CPU.Build.0 = Release|Any CPU
		{BD351398-D490-4218-82CD-7EF106224F25}.Debug|Any CPU.ActiveCfg = Debug|Any CPU
		{BD351398-D490-4218-82CD-7EF106224F25}.Debug|Any CPU.Build.0 = Debug|Any CPU
		{BD351398-D490-4218-82CD-7EF106224F25}.Release|Any CPU.ActiveCfg = Release|Any CPU
		{BD351398-D490-4218-82CD-7EF106224F25}.Release|Any CPU.Build.0 = Release|Any CPU
		{6DEC15C0-F6BF-40C1-9E7C-7546163E48E0}.Debug|Any CPU.ActiveCfg = Debug|Any CPU
		{6DEC15C0-F6BF-40C1-9E7C-7546163E48E0}.Debug|Any CPU.Build.0 = Debug|Any CPU
		{6DEC15C0-F6BF-40C1-9E7C-7546163E48E0}.Release|Any CPU.ActiveCfg = Release|Any CPU
		{6DEC15C0-F6BF-40C1-9E7C-7546163E48E0}.Release|Any CPU.Build.0 = Release|Any CPU
		{2FEE01E0-D2C1-440E-93F7-DB515BC6E9CE}.Debug|Any CPU.ActiveCfg = Debug|Any CPU
		{2FEE01E0-D2C1-440E-93F7-DB515BC6E9CE}.Debug|Any CPU.Build.0 = Debug|Any CPU
		{2FEE01E0-D2C1-440E-93F7-DB515BC6E9CE}.Release|Any CPU.ActiveCfg = Release|Any CPU
		{2FEE01E0-D2C1-440E-93F7-DB515BC6E9CE}.Release|Any CPU.Build.0 = Release|Any CPU
		{C93DE2C1-D742-4175-AD15-DBEEDD79272D}.Debug|Any CPU.ActiveCfg = Debug|Any CPU
		{C93DE2C1-D742-4175-AD15-DBEEDD79272D}.Debug|Any CPU.Build.0 = Debug|Any CPU
		{C93DE2C1-D742-4175-AD15-DBEEDD79272D}.Release|Any CPU.ActiveCfg = Release|Any CPU
		{C93DE2C1-D742-4175-AD15-DBEEDD79272D}.Release|Any CPU.Build.0 = Release|Any CPU
		{807528F7-271F-497E-8964-7E58CE150778}.Debug|Any CPU.ActiveCfg = Debug|Any CPU
		{807528F7-271F-497E-8964-7E58CE150778}.Debug|Any CPU.Build.0 = Debug|Any CPU
		{807528F7-271F-497E-8964-7E58CE150778}.Release|Any CPU.ActiveCfg = Release|Any CPU
		{807528F7-271F-497E-8964-7E58CE150778}.Release|Any CPU.Build.0 = Release|Any CPU
		{11A1223D-CD45-4647-86A0-932AFD29696F}.Debug|Any CPU.ActiveCfg = Debug|Any CPU
		{11A1223D-CD45-4647-86A0-932AFD29696F}.Debug|Any CPU.Build.0 = Debug|Any CPU
		{11A1223D-CD45-4647-86A0-932AFD29696F}.Release|Any CPU.ActiveCfg = Release|Any CPU
		{11A1223D-CD45-4647-86A0-932AFD29696F}.Release|Any CPU.Build.0 = Release|Any CPU
		{09F95E02-AB68-4DF3-B7D7-FF5B4D6A51B2}.Debug|Any CPU.ActiveCfg = Debug|Any CPU
		{09F95E02-AB68-4DF3-B7D7-FF5B4D6A51B2}.Debug|Any CPU.Build.0 = Debug|Any CPU
		{09F95E02-AB68-4DF3-B7D7-FF5B4D6A51B2}.Release|Any CPU.ActiveCfg = Release|Any CPU
		{09F95E02-AB68-4DF3-B7D7-FF5B4D6A51B2}.Release|Any CPU.Build.0 = Release|Any CPU
		{ADF39AF3-652D-4552-BA79-A0D3C545D5D9}.Debug|Any CPU.ActiveCfg = Debug|Any CPU
		{ADF39AF3-652D-4552-BA79-A0D3C545D5D9}.Debug|Any CPU.Build.0 = Debug|Any CPU
		{ADF39AF3-652D-4552-BA79-A0D3C545D5D9}.Release|Any CPU.ActiveCfg = Release|Any CPU
		{ADF39AF3-652D-4552-BA79-A0D3C545D5D9}.Release|Any CPU.Build.0 = Release|Any CPU
		{660F076A-97A9-47A3-B078-9CC8C6E7BE76}.Debug|Any CPU.ActiveCfg = Debug|Any CPU
		{660F076A-97A9-47A3-B078-9CC8C6E7BE76}.Debug|Any CPU.Build.0 = Debug|Any CPU
		{660F076A-97A9-47A3-B078-9CC8C6E7BE76}.Release|Any CPU.ActiveCfg = Release|Any CPU
		{660F076A-97A9-47A3-B078-9CC8C6E7BE76}.Release|Any CPU.Build.0 = Release|Any CPU
	EndGlobalSection
	GlobalSection(SolutionProperties) = preSolution
		HideSolutionNode = FALSE
	EndGlobalSection
	GlobalSection(NestedProjects) = preSolution
		{7DFCA384-5BB4-4AA4-8655-DBE4D63998DE} = {C57AF2EA-5F20-4B2C-A7CE-44AA077EB85D}
		{C1495309-5116-469D-951F-0FBF4D5EEEE0} = {C57AF2EA-5F20-4B2C-A7CE-44AA077EB85D}
		{22CB8CA0-04E5-4919-9355-DF925724BCB4} = {C57AF2EA-5F20-4B2C-A7CE-44AA077EB85D}
		{D66B7317-FEA1-48C1-904B-A211FF931CEF} = {C1495309-5116-469D-951F-0FBF4D5EEEE0}
		{4C0C6780-ED0E-47EA-87B5-1DF64150708B} = {22CB8CA0-04E5-4919-9355-DF925724BCB4}
		{57CD43B5-222E-418E-8993-EBF74A5FCA88} = {C57AF2EA-5F20-4B2C-A7CE-44AA077EB85D}
		{5A96DFF9-C252-45CD-8974-6673F06BE3BB} = {C57AF2EA-5F20-4B2C-A7CE-44AA077EB85D}
		{BD351398-D490-4218-82CD-7EF106224F25} = {57CD43B5-222E-418E-8993-EBF74A5FCA88}
		{6DEC15C0-F6BF-40C1-9E7C-7546163E48E0} = {57CD43B5-222E-418E-8993-EBF74A5FCA88}
		{2FEE01E0-D2C1-440E-93F7-DB515BC6E9CE} = {57CD43B5-222E-418E-8993-EBF74A5FCA88}
		{C93DE2C1-D742-4175-AD15-DBEEDD79272D} = {D302725B-203E-4A07-AF3B-52162EB49747}
		{D806AF9F-34B5-4126-B209-DC222E2B89AB} = {7DFCA384-5BB4-4AA4-8655-DBE4D63998DE}
		{55F33067-E96B-4F4C-8DA9-22BEA32EF721} = {7DFCA384-5BB4-4AA4-8655-DBE4D63998DE}
		{670FFAC7-AE5D-432D-AB4E-C11623B57754} = {7DFCA384-5BB4-4AA4-8655-DBE4D63998DE}
		{807528F7-271F-497E-8964-7E58CE150778} = {670FFAC7-AE5D-432D-AB4E-C11623B57754}
		{11A1223D-CD45-4647-86A0-932AFD29696F} = {670FFAC7-AE5D-432D-AB4E-C11623B57754}
		{09F95E02-AB68-4DF3-B7D7-FF5B4D6A51B2} = {670FFAC7-AE5D-432D-AB4E-C11623B57754}
		{ADF39AF3-652D-4552-BA79-A0D3C545D5D9} = {D806AF9F-34B5-4126-B209-DC222E2B89AB}
		{660F076A-97A9-47A3-B078-9CC8C6E7BE76} = {D806AF9F-34B5-4126-B209-DC222E2B89AB}
	EndGlobalSection
	GlobalSection(ExtensibilityGlobals) = postSolution
		SolutionGuid = {ECAABE89-9818-4A51-A2E2-3A07262D6D7E}
	EndGlobalSection
EndGlobal
